// !$*UTF8*$!
{
	archiveVersion = 1;
	classes = {
	};
	objectVersion = 50;
	objects = {

/* Begin PBXBuildFile section */
		3F6E298D24B6308A0098BF1D /* AppDelegate.swift in Sources */ = {isa = PBXBuildFile; fileRef = 3F6E298C24B6308A0098BF1D /* AppDelegate.swift */; };
		3F6E298F24B6308A0098BF1D /* SceneDelegate.swift in Sources */ = {isa = PBXBuildFile; fileRef = 3F6E298E24B6308A0098BF1D /* SceneDelegate.swift */; };
		3F6E299124B6308A0098BF1D /* ContentView.swift in Sources */ = {isa = PBXBuildFile; fileRef = 3F6E299024B6308A0098BF1D /* ContentView.swift */; };
		3F6E299324B6308A0098BF1D /* Assets.xcassets in Resources */ = {isa = PBXBuildFile; fileRef = 3F6E299224B6308A0098BF1D /* Assets.xcassets */; };
		3F6E299624B6308A0098BF1D /* Preview Assets.xcassets in Resources */ = {isa = PBXBuildFile; fileRef = 3F6E299524B6308A0098BF1D /* Preview Assets.xcassets */; };
		3F6E299924B6308A0098BF1D /* LaunchScreen.storyboard in Resources */ = {isa = PBXBuildFile; fileRef = 3F6E299724B6308A0098BF1D /* LaunchScreen.storyboard */; };
		3F6E29A424B6308A0098BF1D /* I_Can_t_BreatheTests.swift in Sources */ = {isa = PBXBuildFile; fileRef = 3F6E29A324B6308A0098BF1D /* I_Can_t_BreatheTests.swift */; };
		3F6E29AF24B6308A0098BF1D /* I_Can_t_BreatheUITests.swift in Sources */ = {isa = PBXBuildFile; fileRef = 3F6E29AE24B6308A0098BF1D /* I_Can_t_BreatheUITests.swift */; };
/* End PBXBuildFile section */

/* Begin PBXContainerItemProxy section */
		3F6E29A024B6308A0098BF1D /* PBXContainerItemProxy */ = {
			isa = PBXContainerItemProxy;
			containerPortal = 3F6E298124B630890098BF1D /* Project object */;
			proxyType = 1;
			remoteGlobalIDString = 3F6E298824B630890098BF1D;
			remoteInfo = "I Can't Breathe";
		};
		3F6E29AB24B6308A0098BF1D /* PBXContainerItemProxy */ = {
			isa = PBXContainerItemProxy;
			containerPortal = 3F6E298124B630890098BF1D /* Project object */;
			proxyType = 1;
			remoteGlobalIDString = 3F6E298824B630890098BF1D;
			remoteInfo = "I Can't Breathe";
		};
/* End PBXContainerItemProxy section */

/* Begin PBXFileReference section */
		3F6E298924B630890098BF1D /* I Can't Breathe.app */ = {isa = PBXFileReference; explicitFileType = wrapper.application; includeInIndex = 0; path = "I Can't Breathe.app"; sourceTree = BUILT_PRODUCTS_DIR; };
		3F6E298C24B6308A0098BF1D /* AppDelegate.swift */ = {isa = PBXFileReference; lastKnownFileType = sourcecode.swift; path = AppDelegate.swift; sourceTree = "<group>"; };
		3F6E298E24B6308A0098BF1D /* SceneDelegate.swift */ = {isa = PBXFileReference; lastKnownFileType = sourcecode.swift; path = SceneDelegate.swift; sourceTree = "<group>"; };
		3F6E299024B6308A0098BF1D /* ContentView.swift */ = {isa = PBXFileReference; lastKnownFileType = sourcecode.swift; path = ContentView.swift; sourceTree = "<group>"; };
		3F6E299224B6308A0098BF1D /* Assets.xcassets */ = {isa = PBXFileReference; lastKnownFileType = folder.assetcatalog; path = Assets.xcassets; sourceTree = "<group>"; };
		3F6E299524B6308A0098BF1D /* Preview Assets.xcassets */ = {isa = PBXFileReference; lastKnownFileType = folder.assetcatalog; path = "Preview Assets.xcassets"; sourceTree = "<group>"; };
		3F6E299824B6308A0098BF1D /* Base */ = {isa = PBXFileReference; lastKnownFileType = file.storyboard; name = Base; path = Base.lproj/LaunchScreen.storyboard; sourceTree = "<group>"; };
		3F6E299A24B6308A0098BF1D /* Info.plist */ = {isa = PBXFileReference; lastKnownFileType = text.plist.xml; path = Info.plist; sourceTree = "<group>"; };
		3F6E299F24B6308A0098BF1D /* I Can't BreatheTests.xctest */ = {isa = PBXFileReference; explicitFileType = wrapper.cfbundle; includeInIndex = 0; path = "I Can't BreatheTests.xctest"; sourceTree = BUILT_PRODUCTS_DIR; };
		3F6E29A324B6308A0098BF1D /* I_Can_t_BreatheTests.swift */ = {isa = PBXFileReference; lastKnownFileType = sourcecode.swift; path = I_Can_t_BreatheTests.swift; sourceTree = "<group>"; };
		3F6E29A524B6308A0098BF1D /* Info.plist */ = {isa = PBXFileReference; lastKnownFileType = text.plist.xml; path = Info.plist; sourceTree = "<group>"; };
		3F6E29AA24B6308A0098BF1D /* I Can't BreatheUITests.xctest */ = {isa = PBXFileReference; explicitFileType = wrapper.cfbundle; includeInIndex = 0; path = "I Can't BreatheUITests.xctest"; sourceTree = BUILT_PRODUCTS_DIR; };
		3F6E29AE24B6308A0098BF1D /* I_Can_t_BreatheUITests.swift */ = {isa = PBXFileReference; lastKnownFileType = sourcecode.swift; path = I_Can_t_BreatheUITests.swift; sourceTree = "<group>"; };
		3F6E29B024B6308A0098BF1D /* Info.plist */ = {isa = PBXFileReference; lastKnownFileType = text.plist.xml; path = Info.plist; sourceTree = "<group>"; };
/* End PBXFileReference section */

/* Begin PBXFrameworksBuildPhase section */
		3F6E298624B630890098BF1D /* Frameworks */ = {
			isa = PBXFrameworksBuildPhase;
			buildActionMask = 2147483647;
			files = (
			);
			runOnlyForDeploymentPostprocessing = 0;
		};
		3F6E299C24B6308A0098BF1D /* Frameworks */ = {
			isa = PBXFrameworksBuildPhase;
			buildActionMask = 2147483647;
			files = (
			);
			runOnlyForDeploymentPostprocessing = 0;
		};
		3F6E29A724B6308A0098BF1D /* Frameworks */ = {
			isa = PBXFrameworksBuildPhase;
			buildActionMask = 2147483647;
			files = (
			);
			runOnlyForDeploymentPostprocessing = 0;
		};
/* End PBXFrameworksBuildPhase section */

/* Begin PBXGroup section */
		3F6E298024B630890098BF1D = {
			isa = PBXGroup;
			children = (
				3F6E298B24B630890098BF1D /* I Can't Breathe */,
				3F6E29A224B6308A0098BF1D /* I Can't BreatheTests */,
				3F6E29AD24B6308A0098BF1D /* I Can't BreatheUITests */,
				3F6E298A24B630890098BF1D /* Products */,
			);
			sourceTree = "<group>";
		};
		3F6E298A24B630890098BF1D /* Products */ = {
			isa = PBXGroup;
			children = (
				3F6E298924B630890098BF1D /* I Can't Breathe.app */,
				3F6E299F24B6308A0098BF1D /* I Can't BreatheTests.xctest */,
				3F6E29AA24B6308A0098BF1D /* I Can't BreatheUITests.xctest */,
			);
			name = Products;
			sourceTree = "<group>";
		};
		3F6E298B24B630890098BF1D /* I Can't Breathe */ = {
			isa = PBXGroup;
			children = (
				3F6E298C24B6308A0098BF1D /* AppDelegate.swift */,
				3F6E298E24B6308A0098BF1D /* SceneDelegate.swift */,
				3F6E299024B6308A0098BF1D /* ContentView.swift */,
				3F6E299224B6308A0098BF1D /* Assets.xcassets */,
				3F6E299724B6308A0098BF1D /* LaunchScreen.storyboard */,
				3F6E299A24B6308A0098BF1D /* Info.plist */,
				3F6E299424B6308A0098BF1D /* Preview Content */,
			);
			path = "I Can't Breathe";
			sourceTree = "<group>";
		};
		3F6E299424B6308A0098BF1D /* Preview Content */ = {
			isa = PBXGroup;
			children = (
				3F6E299524B6308A0098BF1D /* Preview Assets.xcassets */,
			);
			path = "Preview Content";
			sourceTree = "<group>";
		};
		3F6E29A224B6308A0098BF1D /* I Can't BreatheTests */ = {
			isa = PBXGroup;
			children = (
				3F6E29A324B6308A0098BF1D /* I_Can_t_BreatheTests.swift */,
				3F6E29A524B6308A0098BF1D /* Info.plist */,
			);
			path = "I Can't BreatheTests";
			sourceTree = "<group>";
		};
		3F6E29AD24B6308A0098BF1D /* I Can't BreatheUITests */ = {
			isa = PBXGroup;
			children = (
				3F6E29AE24B6308A0098BF1D /* I_Can_t_BreatheUITests.swift */,
				3F6E29B024B6308A0098BF1D /* Info.plist */,
			);
			path = "I Can't BreatheUITests";
			sourceTree = "<group>";
		};
/* End PBXGroup section */

/* Begin PBXNativeTarget section */
		3F6E298824B630890098BF1D /* I Can't Breathe */ = {
			isa = PBXNativeTarget;
			buildConfigurationList = 3F6E29B324B6308A0098BF1D /* Build configuration list for PBXNativeTarget "I Can't Breathe" */;
			buildPhases = (
				3F6E298524B630890098BF1D /* Sources */,
				3F6E298624B630890098BF1D /* Frameworks */,
				3F6E298724B630890098BF1D /* Resources */,
			);
			buildRules = (
			);
			dependencies = (
			);
			name = "I Can't Breathe";
			productName = "I Can't Breathe";
			productReference = 3F6E298924B630890098BF1D /* I Can't Breathe.app */;
			productType = "com.apple.product-type.application";
		};
		3F6E299E24B6308A0098BF1D /* I Can't BreatheTests */ = {
			isa = PBXNativeTarget;
			buildConfigurationList = 3F6E29B624B6308A0098BF1D /* Build configuration list for PBXNativeTarget "I Can't BreatheTests" */;
			buildPhases = (
				3F6E299B24B6308A0098BF1D /* Sources */,
				3F6E299C24B6308A0098BF1D /* Frameworks */,
				3F6E299D24B6308A0098BF1D /* Resources */,
			);
			buildRules = (
			);
			dependencies = (
				3F6E29A124B6308A0098BF1D /* PBXTargetDependency */,
			);
			name = "I Can't BreatheTests";
			productName = "I Can't BreatheTests";
			productReference = 3F6E299F24B6308A0098BF1D /* I Can't BreatheTests.xctest */;
			productType = "com.apple.product-type.bundle.unit-test";
		};
		3F6E29A924B6308A0098BF1D /* I Can't BreatheUITests */ = {
			isa = PBXNativeTarget;
			buildConfigurationList = 3F6E29B924B6308A0098BF1D /* Build configuration list for PBXNativeTarget "I Can't BreatheUITests" */;
			buildPhases = (
				3F6E29A624B6308A0098BF1D /* Sources */,
				3F6E29A724B6308A0098BF1D /* Frameworks */,
				3F6E29A824B6308A0098BF1D /* Resources */,
			);
			buildRules = (
			);
			dependencies = (
				3F6E29AC24B6308A0098BF1D /* PBXTargetDependency */,
			);
			name = "I Can't BreatheUITests";
			productName = "I Can't BreatheUITests";
			productReference = 3F6E29AA24B6308A0098BF1D /* I Can't BreatheUITests.xctest */;
			productType = "com.apple.product-type.bundle.ui-testing";
		};
/* End PBXNativeTarget section */

/* Begin PBXProject section */
		3F6E298124B630890098BF1D /* Project object */ = {
			isa = PBXProject;
			attributes = {
				LastSwiftUpdateCheck = 1130;
				LastUpgradeCheck = 1130;
				ORGANIZATIONNAME = Student;
				TargetAttributes = {
					3F6E298824B630890098BF1D = {
						CreatedOnToolsVersion = 11.3.1;
					};
					3F6E299E24B6308A0098BF1D = {
						CreatedOnToolsVersion = 11.3.1;
						TestTargetID = 3F6E298824B630890098BF1D;
					};
					3F6E29A924B6308A0098BF1D = {
						CreatedOnToolsVersion = 11.3.1;
						TestTargetID = 3F6E298824B630890098BF1D;
					};
				};
			};
			buildConfigurationList = 3F6E298424B630890098BF1D /* Build configuration list for PBXProject "I Can't Breathe" */;
			compatibilityVersion = "Xcode 9.3";
			developmentRegion = en;
			hasScannedForEncodings = 0;
			knownRegions = (
				en,
				Base,
			);
			mainGroup = 3F6E298024B630890098BF1D;
			productRefGroup = 3F6E298A24B630890098BF1D /* Products */;
			projectDirPath = "";
			projectRoot = "";
			targets = (
				3F6E298824B630890098BF1D /* I Can't Breathe */,
				3F6E299E24B6308A0098BF1D /* I Can't BreatheTests */,
				3F6E29A924B6308A0098BF1D /* I Can't BreatheUITests */,
			);
		};
/* End PBXProject section */

/* Begin PBXResourcesBuildPhase section */
		3F6E298724B630890098BF1D /* Resources */ = {
			isa = PBXResourcesBuildPhase;
			buildActionMask = 2147483647;
			files = (
				3F6E299924B6308A0098BF1D /* LaunchScreen.storyboard in Resources */,
				3F6E299624B6308A0098BF1D /* Preview Assets.xcassets in Resources */,
				3F6E299324B6308A0098BF1D /* Assets.xcassets in Resources */,
			);
			runOnlyForDeploymentPostprocessing = 0;
		};
		3F6E299D24B6308A0098BF1D /* Resources */ = {
			isa = PBXResourcesBuildPhase;
			buildActionMask = 2147483647;
			files = (
			);
			runOnlyForDeploymentPostprocessing = 0;
		};
		3F6E29A824B6308A0098BF1D /* Resources */ = {
			isa = PBXResourcesBuildPhase;
			buildActionMask = 2147483647;
			files = (
			);
			runOnlyForDeploymentPostprocessing = 0;
		};
/* End PBXResourcesBuildPhase section */

/* Begin PBXSourcesBuildPhase section */
		3F6E298524B630890098BF1D /* Sources */ = {
			isa = PBXSourcesBuildPhase;
			buildActionMask = 2147483647;
			files = (
				3F6E298D24B6308A0098BF1D /* AppDelegate.swift in Sources */,
				3F6E298F24B6308A0098BF1D /* SceneDelegate.swift in Sources */,
				3F6E299124B6308A0098BF1D /* ContentView.swift in Sources */,
			);
			runOnlyForDeploymentPostprocessing = 0;
		};
		3F6E299B24B6308A0098BF1D /* Sources */ = {
			isa = PBXSourcesBuildPhase;
			buildActionMask = 2147483647;
			files = (
				3F6E29A424B6308A0098BF1D /* I_Can_t_BreatheTests.swift in Sources */,
			);
			runOnlyForDeploymentPostprocessing = 0;
		};
		3F6E29A624B6308A0098BF1D /* Sources */ = {
			isa = PBXSourcesBuildPhase;
			buildActionMask = 2147483647;
			files = (
				3F6E29AF24B6308A0098BF1D /* I_Can_t_BreatheUITests.swift in Sources */,
			);
			runOnlyForDeploymentPostprocessing = 0;
		};
/* End PBXSourcesBuildPhase section */

/* Begin PBXTargetDependency section */
		3F6E29A124B6308A0098BF1D /* PBXTargetDependency */ = {
			isa = PBXTargetDependency;
			target = 3F6E298824B630890098BF1D /* I Can't Breathe */;
			targetProxy = 3F6E29A024B6308A0098BF1D /* PBXContainerItemProxy */;
		};
		3F6E29AC24B6308A0098BF1D /* PBXTargetDependency */ = {
			isa = PBXTargetDependency;
			target = 3F6E298824B630890098BF1D /* I Can't Breathe */;
			targetProxy = 3F6E29AB24B6308A0098BF1D /* PBXContainerItemProxy */;
		};
/* End PBXTargetDependency section */

/* Begin PBXVariantGroup section */
		3F6E299724B6308A0098BF1D /* LaunchScreen.storyboard */ = {
			isa = PBXVariantGroup;
			children = (
				3F6E299824B6308A0098BF1D /* Base */,
			);
			name = LaunchScreen.storyboard;
			sourceTree = "<group>";
		};
/* End PBXVariantGroup section */

/* Begin XCBuildConfiguration section */
		3F6E29B124B6308A0098BF1D /* Debug */ = {
			isa = XCBuildConfiguration;
			buildSettings = {
				ALWAYS_SEARCH_USER_PATHS = NO;
				CLANG_ANALYZER_NONNULL = YES;
				CLANG_ANALYZER_NUMBER_OBJECT_CONVERSION = YES_AGGRESSIVE;
				CLANG_CXX_LANGUAGE_STANDARD = "gnu++14";
				CLANG_CXX_LIBRARY = "libc++";
				CLANG_ENABLE_MODULES = YES;
				CLANG_ENABLE_OBJC_ARC = YES;
				CLANG_ENABLE_OBJC_WEAK = YES;
				CLANG_WARN_BLOCK_CAPTURE_AUTORELEASING = YES;
				CLANG_WARN_BOOL_CONVERSION = YES;
				CLANG_WARN_COMMA = YES;
				CLANG_WARN_CONSTANT_CONVERSION = YES;
				CLANG_WARN_DEPRECATED_OBJC_IMPLEMENTATIONS = YES;
				CLANG_WARN_DIRECT_OBJC_ISA_USAGE = YES_ERROR;
				CLANG_WARN_DOCUMENTATION_COMMENTS = YES;
				CLANG_WARN_EMPTY_BODY = YES;
				CLANG_WARN_ENUM_CONVERSION = YES;
				CLANG_WARN_INFINITE_RECURSION = YES;
				CLANG_WARN_INT_CONVERSION = YES;
				CLANG_WARN_NON_LITERAL_NULL_CONVERSION = YES;
				CLANG_WARN_OBJC_IMPLICIT_RETAIN_SELF = YES;
				CLANG_WARN_OBJC_LITERAL_CONVERSION = YES;
				CLANG_WARN_OBJC_ROOT_CLASS = YES_ERROR;
				CLANG_WARN_RANGE_LOOP_ANALYSIS = YES;
				CLANG_WARN_STRICT_PROTOTYPES = YES;
				CLANG_WARN_SUSPICIOUS_MOVE = YES;
				CLANG_WARN_UNGUARDED_AVAILABILITY = YES_AGGRESSIVE;
				CLANG_WARN_UNREACHABLE_CODE = YES;
				CLANG_WARN__DUPLICATE_METHOD_MATCH = YES;
				COPY_PHASE_STRIP = NO;
				DEBUG_INFORMATION_FORMAT = dwarf;
				ENABLE_STRICT_OBJC_MSGSEND = YES;
				ENABLE_TESTABILITY = YES;
				GCC_C_LANGUAGE_STANDARD = gnu11;
				GCC_DYNAMIC_NO_PIC = NO;
				GCC_NO_COMMON_BLOCKS = YES;
				GCC_OPTIMIZATION_LEVEL = 0;
				GCC_PREPROCESSOR_DEFINITIONS = (
					"DEBUG=1",
					"$(inherited)",
				);
				GCC_WARN_64_TO_32_BIT_CONVERSION = YES;
				GCC_WARN_ABOUT_RETURN_TYPE = YES_ERROR;
				GCC_WARN_UNDECLARED_SELECTOR = YES;
				GCC_WARN_UNINITIALIZED_AUTOS = YES_AGGRESSIVE;
				GCC_WARN_UNUSED_FUNCTION = YES;
				GCC_WARN_UNUSED_VARIABLE = YES;
				IPHONEOS_DEPLOYMENT_TARGET = 13.2;
				MTL_ENABLE_DEBUG_INFO = INCLUDE_SOURCE;
				MTL_FAST_MATH = YES;
				ONLY_ACTIVE_ARCH = YES;
				SDKROOT = iphoneos;
				SWIFT_ACTIVE_COMPILATION_CONDITIONS = DEBUG;
				SWIFT_OPTIMIZATION_LEVEL = "-Onone";
			};
			name = Debug;
		};
		3F6E29B224B6308A0098BF1D /* Release */ = {
			isa = XCBuildConfiguration;
			buildSettings = {
				ALWAYS_SEARCH_USER_PATHS = NO;
				CLANG_ANALYZER_NONNULL = YES;
				CLANG_ANALYZER_NUMBER_OBJECT_CONVERSION = YES_AGGRESSIVE;
				CLANG_CXX_LANGUAGE_STANDARD = "gnu++14";
				CLANG_CXX_LIBRARY = "libc++";
				CLANG_ENABLE_MODULES = YES;
				CLANG_ENABLE_OBJC_ARC = YES;
				CLANG_ENABLE_OBJC_WEAK = YES;
				CLANG_WARN_BLOCK_CAPTURE_AUTORELEASING = YES;
				CLANG_WARN_BOOL_CONVERSION = YES;
				CLANG_WARN_COMMA = YES;
				CLANG_WARN_CONSTANT_CONVERSION = YES;
				CLANG_WARN_DEPRECATED_OBJC_IMPLEMENTATIONS = YES;
				CLANG_WARN_DIRECT_OBJC_ISA_USAGE = YES_ERROR;
				CLANG_WARN_DOCUMENTATION_COMMENTS = YES;
				CLANG_WARN_EMPTY_BODY = YES;
				CLANG_WARN_ENUM_CONVERSION = YES;
				CLANG_WARN_INFINITE_RECURSION = YES;
				CLANG_WARN_INT_CONVERSION = YES;
				CLANG_WARN_NON_LITERAL_NULL_CONVERSION = YES;
				CLANG_WARN_OBJC_IMPLICIT_RETAIN_SELF = YES;
				CLANG_WARN_OBJC_LITERAL_CONVERSION = YES;
				CLANG_WARN_OBJC_ROOT_CLASS = YES_ERROR;
				CLANG_WARN_RANGE_LOOP_ANALYSIS = YES;
				CLANG_WARN_STRICT_PROTOTYPES = YES;
				CLANG_WARN_SUSPICIOUS_MOVE = YES;
				CLANG_WARN_UNGUARDED_AVAILABILITY = YES_AGGRESSIVE;
				CLANG_WARN_UNREACHABLE_CODE = YES;
				CLANG_WARN__DUPLICATE_METHOD_MATCH = YES;
				COPY_PHASE_STRIP = NO;
				DEBUG_INFORMATION_FORMAT = "dwarf-with-dsym";
				ENABLE_NS_ASSERTIONS = NO;
				ENABLE_STRICT_OBJC_MSGSEND = YES;
				GCC_C_LANGUAGE_STANDARD = gnu11;
				GCC_NO_COMMON_BLOCKS = YES;
				GCC_WARN_64_TO_32_BIT_CONVERSION = YES;
				GCC_WARN_ABOUT_RETURN_TYPE = YES_ERROR;
				GCC_WARN_UNDECLARED_SELECTOR = YES;
				GCC_WARN_UNINITIALIZED_AUTOS = YES_AGGRESSIVE;
				GCC_WARN_UNUSED_FUNCTION = YES;
				GCC_WARN_UNUSED_VARIABLE = YES;
				IPHONEOS_DEPLOYMENT_TARGET = 13.2;
				MTL_ENABLE_DEBUG_INFO = NO;
				MTL_FAST_MATH = YES;
				SDKROOT = iphoneos;
				SWIFT_COMPILATION_MODE = wholemodule;
				SWIFT_OPTIMIZATION_LEVEL = "-O";
				VALIDATE_PRODUCT = YES;
			};
			name = Release;
		};
		3F6E29B424B6308A0098BF1D /* Debug */ = {
			isa = XCBuildConfiguration;
			buildSettings = {
				ASSETCATALOG_COMPILER_APPICON_NAME = AppIcon;
				CODE_SIGN_STYLE = Automatic;
				DEVELOPMENT_ASSET_PATHS = "\"I Can't Breathe/Preview Content\"";
				ENABLE_PREVIEWS = YES;
				INFOPLIST_FILE = "I Can't Breathe/Info.plist";
				LD_RUNPATH_SEARCH_PATHS = (
					"$(inherited)",
					"@executable_path/Frameworks",
				);
				PRODUCT_BUNDLE_IDENTIFIER = "Megan-Simmons.I-Can-t-Breathe";
				PRODUCT_NAME = "$(TARGET_NAME)";
				SWIFT_VERSION = 5.0;
				TARGETED_DEVICE_FAMILY = "1,2";
			};
			name = Debug;
		};
		3F6E29B524B6308A0098BF1D /* Release */ = {
			isa = XCBuildConfiguration;
			buildSettings = {
				ASSETCATALOG_COMPILER_APPICON_NAME = AppIcon;
				CODE_SIGN_STYLE = Automatic;
				DEVELOPMENT_ASSET_PATHS = "\"I Can't Breathe/Preview Content\"";
				ENABLE_PREVIEWS = YES;
				INFOPLIST_FILE = "I Can't Breathe/Info.plist";
				LD_RUNPATH_SEARCH_PATHS = (
					"$(inherited)",
					"@executable_path/Frameworks",
				);
				PRODUCT_BUNDLE_IDENTIFIER = "Megan-Simmons.I-Can-t-Breathe";
				PRODUCT_NAME = "$(TARGET_NAME)";
				SWIFT_VERSION = 5.0;
				TARGETED_DEVICE_FAMILY = "1,2";
			};
			name = Release;
		};
		3F6E29B724B6308A0098BF1D /* Debug */ = {
			isa = XCBuildConfiguration;
			buildSettings = {
				ALWAYS_EMBED_SWIFT_STANDARD_LIBRARIES = YES;
				BUNDLE_LOADER = "$(TEST_HOST)";
				CODE_SIGN_STYLE = Automatic;
				INFOPLIST_FILE = "I Can't BreatheTests/Info.plist";
				IPHONEOS_DEPLOYMENT_TARGET = 13.2;
				LD_RUNPATH_SEARCH_PATHS = (
					"$(inherited)",
					"@executable_path/Frameworks",
					"@loader_path/Frameworks",
				);
				PRODUCT_BUNDLE_IDENTIFIER = "Megan-Simmons.I-Can-t-BreatheTests";
				PRODUCT_NAME = "$(TARGET_NAME)";
				SWIFT_VERSION = 5.0;
				TARGETED_DEVICE_FAMILY = "1,2";
				TEST_HOST = "$(BUILT_PRODUCTS_DIR)/I Can't Breathe.app/I Can't Breathe";
			};
			name = Debug;
		};
		3F6E29B824B6308A0098BF1D /* Release */ = {
			isa = XCBuildConfiguration;
			buildSettings = {
				ALWAYS_EMBED_SWIFT_STANDARD_LIBRARIES = YES;
				BUNDLE_LOADER = "$(TEST_HOST)";
				CODE_SIGN_STYLE = Automatic;
				INFOPLIST_FILE = "I Can't BreatheTests/Info.plist";
				IPHONEOS_DEPLOYMENT_TARGET = 13.2;
				LD_RUNPATH_SEARCH_PATHS = (
					"$(inherited)",
					"@executable_path/Frameworks",
					"@loader_path/Frameworks",
				);
				PRODUCT_BUNDLE_IDENTIFIER = "Megan-Simmons.I-Can-t-BreatheTests";
				PRODUCT_NAME = "$(TARGET_NAME)";
				SWIFT_VERSION = 5.0;
				TARGETED_DEVICE_FAMILY = "1,2";
				TEST_HOST = "$(BUILT_PRODUCTS_DIR)/I Can't Breathe.app/I Can't Breathe";
			};
			name = Release;
		};
		3F6E29BA24B6308A0098BF1D /* Debug */ = {
			isa = XCBuildConfiguration;
			buildSettings = {
				ALWAYS_EMBED_SWIFT_STANDARD_LIBRARIES = YES;
				CODE_SIGN_STYLE = Automatic;
				INFOPLIST_FILE = "I Can't BreatheUITests/Info.plist";
				LD_RUNPATH_SEARCH_PATHS = (
					"$(inherited)",
					"@executable_path/Frameworks",
					"@loader_path/Frameworks",
				);
				PRODUCT_BUNDLE_IDENTIFIER = "Megan-Simmons.I-Can-t-BreatheUITests";
				PRODUCT_NAME = "$(TARGET_NAME)";
				SWIFT_VERSION = 5.0;
				TARGETED_DEVICE_FAMILY = "1,2";
				TEST_TARGET_NAME = "I Can't Breathe";
			};
			name = Debug;
		};
		3F6E29BB24B6308A0098BF1D /* Release */ = {
			isa = XCBuildConfiguration;
			buildSettings = {
				ALWAYS_EMBED_SWIFT_STANDARD_LIBRARIES = YES;
				CODE_SIGN_STYLE = Automatic;
				INFOPLIST_FILE = "I Can't BreatheUITests/Info.plist";
				LD_RUNPATH_SEARCH_PATHS = (
					"$(inherited)",
					"@executable_path/Frameworks",
					"@loader_path/Frameworks",
				);
				PRODUCT_BUNDLE_IDENTIFIER = "Megan-Simmons.I-Can-t-BreatheUITests";
				PRODUCT_NAME = "$(TARGET_NAME)";
				SWIFT_VERSION = 5.0;
				TARGETED_DEVICE_FAMILY = "1,2";
				TEST_TARGET_NAME = "I Can't Breathe";
			};
			name = Release;
		};
/* End XCBuildConfiguration section */

/* Begin XCConfigurationList section */
		3F6E298424B630890098BF1D /* Build configuration list for PBXProject "I Can't Breathe" */ = {
			isa = XCConfigurationList;
			buildConfigurations = (
				3F6E29B124B6308A0098BF1D /* Debug */,
				3F6E29B224B6308A0098BF1D /* Release */,
			);
			defaultConfigurationIsVisible = 0;
			defaultConfigurationName = Release;
		};
		3F6E29B324B6308A0098BF1D /* Build configuration list for PBXNativeTarget "I Can't Breathe" */ = {
			isa = XCConfigurationList;
			buildConfigurations = (
				3F6E29B424B6308A0098BF1D /* Debug */,
				3F6E29B524B6308A0098BF1D /* Release */,
			);
			defaultConfigurationIsVisible = 0;
			defaultConfigurationName = Release;
		};
		3F6E29B624B6308A0098BF1D /* Build configuration list for PBXNativeTarget "I Can't BreatheTests" */ = {
			isa = XCConfigurationList;
			buildConfigurations = (
				3F6E29B724B6308A0098BF1D /* Debug */,
				3F6E29B824B6308A0098BF1D /* Release */,
			);
			defaultConfigurationIsVisible = 0;
			defaultConfigurationName = Release;
		};
		3F6E29B924B6308A0098BF1D /* Build configuration list for PBXNativeTarget "I Can't BreatheUITests" */ = {
			isa = XCConfigurationList;
			buildConfigurations = (
				3F6E29BA24B6308A0098BF1D /* Debug */,
				3F6E29BB24B6308A0098BF1D /* Release */,
			);
			defaultConfigurationIsVisible = 0;
			defaultConfigurationName = Release;
		};
/* End XCConfigurationList section */
	};
	rootObject = 3F6E298124B630890098BF1D /* Project object */;
}
